
Microsoft Visual Studio Solution File, Format Version 12.00
# Visual Studio Version 17
VisualStudioVersion = 17.0.32014.148
MinimumVisualStudioVersion = 10.0.40219.1
Project("{9A19103F-16F7-4668-BE54-9A1E7A4F7556}") = "InventorySystem.Web", "InventorySystem.Web\InventorySystem.Web.csproj", "{5A76E521-0069-4770-87E7-4A03728751EF}"
EndProject
Project("{9A19103F-16F7-4668-BE54-9A1E7A4F7556}") = "InventorySystem.Core", "InventorySystem.Core\InventorySystem.Core.csproj", "{2CA27988-0F4E-416E-9A16-39E6C3887DF2}"
EndProject
Project("{9A19103F-16F7-4668-BE54-9A1E7A4F7556}") = "InventorySystem.Data", "InventorySystem.Data\InventorySystem.Data.csproj", "{62AA1BB1-046F-40D2-AFDD-BA90ADB8FE11}"
EndProject
Project("{9A19103F-16F7-4668-BE54-9A1E7A4F7556}") = "InventorySystem.Membership", "InventorySystem.Membership\InventorySystem.Membership.csproj", "{673546FE-CB4E-44D6-87B9-676EB8D3B37D}"
EndProject
Project("{FAE04EC0-301F-11D3-BF4B-00C04F79EFBC}") = "InventorySystem.Domain", "InventorySystem.Domain\InventorySystem.Domain.csproj", "{D9E7D2A6-5BD3-41FC-B7E1-FC2E52A5E15F}"
EndProject
Global
	GlobalSection(SolutionConfigurationPlatforms) = preSolution
		Debug|Any CPU = Debug|Any CPU
		Release|Any CPU = Release|Any CPU
	EndGlobalSection
	GlobalSection(ProjectConfigurationPlatforms) = postSolution
		{5A76E521-0069-4770-87E7-4A03728751EF}.Debug|Any CPU.ActiveCfg = Debug|Any CPU
		{5A76E521-0069-4770-87E7-4A03728751EF}.Debug|Any CPU.Build.0 = Debug|Any CPU
		{5A76E521-0069-4770-87E7-4A03728751EF}.Release|Any CPU.ActiveCfg = Release|Any CPU
		{5A76E521-0069-4770-87E7-4A03728751EF}.Release|Any CPU.Build.0 = Release|Any CPU
		{2CA27988-0F4E-416E-9A16-39E6C3887DF2}.Debug|Any CPU.ActiveCfg = Debug|Any CPU
		{2CA27988-0F4E-416E-9A16-39E6C3887DF2}.Debug|Any CPU.Build.0 = Debug|Any CPU
		{2CA27988-0F4E-416E-9A16-39E6C3887DF2}.Release|Any CPU.ActiveCfg = Release|Any CPU
		{2CA27988-0F4E-416E-9A16-39E6C3887DF2}.Release|Any CPU.Build.0 = Release|Any CPU
		{62AA1BB1-046F-40D2-AFDD-BA90ADB8FE11}.Debug|Any CPU.ActiveCfg = Debug|Any CPU
		{62AA1BB1-046F-40D2-AFDD-BA90ADB8FE11}.Debug|Any CPU.Build.0 = Debug|Any CPU
		{62AA1BB1-046F-40D2-AFDD-BA90ADB8FE11}.Release|Any CPU.ActiveCfg = Release|Any CPU
		{62AA1BB1-046F-40D2-AFDD-BA90ADB8FE11}.Release|Any CPU.Build.0 = Release|Any CPU
		{673546FE-CB4E-44D6-87B9-676EB8D3B37D}.Debug|Any CPU.ActiveCfg = Debug|Any CPU
		{673546FE-CB4E-44D6-87B9-676EB8D3B37D}.Debug|Any CPU.Build.0 = Debug|Any CPU
		{673546FE-CB4E-44D6-87B9-676EB8D3B37D}.Release|Any CPU.ActiveCfg = Release|Any CPU
		{673546FE-CB4E-44D6-87B9-676EB8D3B37D}.Release|Any CPU.Build.0 = Release|Any CPU
		{D9E7D2A6-5BD3-41FC-B7E1-FC2E52A5E15F}.Debug|Any CPU.ActiveCfg = Debug|Any CPU
		{D9E7D2A6-5BD3-41FC-B7E1-FC2E52A5E15F}.Debug|Any CPU.Build.0 = Debug|Any CPU
		{D9E7D2A6-5BD3-41FC-B7E1-FC2E52A5E15F}.Release|Any CPU.ActiveCfg = Release|Any CPU
		{D9E7D2A6-5BD3-41FC-B7E1-FC2E52A5E15F}.Release|Any CPU.Build.0 = Release|Any CPU
	EndGlobalSection
	GlobalSection(SolutionProperties) = preSolution
		HideSolutionNode = FALSE
	EndGlobalSection
	GlobalSection(ExtensibilityGlobals) = postSolution
		SolutionGuid = {36231DDE-4462-460C-9BE1-9C7943E75D82}
	EndGlobalSection
EndGlobal
